
Microsoft Visual Studio Solution File, Format Version 12.00
# Visual Studio 15
VisualStudioVersion = 15.0.28307.421
MinimumVisualStudioVersion = 10.0.40219.1
Project("{FAE04EC0-301F-11D3-BF4B-00C04F79EFBC}") = "HW02_03", "HW02_03\HW02_03.csproj", "{505DC2AB-6F78-4D09-B7B9-27F22B0758AF}"
EndProject
Global
	GlobalSection(SolutionConfigurationPlatforms) = preSolution
		Debug|Any CPU = Debug|Any CPU
		Release|Any CPU = Release|Any CPU
	EndGlobalSection
	GlobalSection(ProjectConfigurationPlatforms) = postSolution
		{505DC2AB-6F78-4D09-B7B9-27F22B0758AF}.Debug|Any CPU.ActiveCfg = Debug|Any CPU
		{505DC2AB-6F78-4D09-B7B9-27F22B0758AF}.Debug|Any CPU.Build.0 = Debug|Any CPU
		{505DC2AB-6F78-4D09-B7B9-27F22B0758AF}.Release|Any CPU.ActiveCfg = Release|Any CPU
		{505DC2AB-6F78-4D09-B7B9-27F22B0758AF}.Release|Any CPU.Build.0 = Release|Any CPU
	EndGlobalSection
	GlobalSection(SolutionProperties) = preSolution
		HideSolutionNode = FALSE
	EndGlobalSection
	GlobalSection(ExtensibilityGlobals) = postSolution
		SolutionGuid = {280CA0EA-5573-4843-9FF7-E8EFBC7421F6}
	EndGlobalSection
EndGlobal
